# THIS IS AN AUTOGENERATED FILE. DO NOT EDIT THIS FILE DIRECTLY.
# yarn lockfile v1


"@babel/code-frame@7.0.0-beta.44":
  version "7.0.0-beta.44"
  resolved "http://registry.npmjs.org/@babel/code-frame/-/code-frame-7.0.0-beta.44.tgz#2a02643368de80916162be70865c97774f3adbd9"
  dependencies:
    "@babel/highlight" "7.0.0-beta.44"

"@babel/generator@7.0.0-beta.44":
  version "7.0.0-beta.44"
  resolved "http://registry.npmjs.org/@babel/generator/-/generator-7.0.0-beta.44.tgz#c7e67b9b5284afcf69b309b50d7d37f3e5033d42"
  dependencies:
    "@babel/types" "7.0.0-beta.44"
    jsesc "^2.5.1"
    lodash "^4.2.0"
    source-map "^0.5.0"
    trim-right "^1.0.1"

"@babel/helper-function-name@7.0.0-beta.44":
  version "7.0.0-beta.44"
  resolved "http://registry.npmjs.org/@babel/helper-function-name/-/helper-function-name-7.0.0-beta.44.tgz#e18552aaae2231100a6e485e03854bc3532d44dd"
  dependencies:
    "@babel/helper-get-function-arity" "7.0.0-beta.44"
    "@babel/template" "7.0.0-beta.44"
    "@babel/types" "7.0.0-beta.44"

"@babel/helper-get-function-arity@7.0.0-beta.44":
  version "7.0.0-beta.44"
  resolved "http://registry.npmjs.org/@babel/helper-get-function-arity/-/helper-get-function-arity-7.0.0-beta.44.tgz#d03ca6dd2b9f7b0b1e6b32c56c72836140db3a15"
  dependencies:
    "@babel/types" "7.0.0-beta.44"

"@babel/helper-split-export-declaration@7.0.0-beta.44":
  version "7.0.0-beta.44"
  resolved "http://registry.npmjs.org/@babel/helper-split-export-declaration/-/helper-split-export-declaration-7.0.0-beta.44.tgz#c0b351735e0fbcb3822c8ad8db4e583b05ebd9dc"
  dependencies:
    "@babel/types" "7.0.0-beta.44"

"@babel/highlight@7.0.0-beta.44":
  version "7.0.0-beta.44"
  resolved "http://registry.npmjs.org/@babel/highlight/-/highlight-7.0.0-beta.44.tgz#18c94ce543916a80553edcdcf681890b200747d5"
  dependencies:
    chalk "^2.0.0"
    esutils "^2.0.2"
    js-tokens "^3.0.0"

"@babel/template@7.0.0-beta.44":
  version "7.0.0-beta.44"
  resolved "http://registry.npmjs.org/@babel/template/-/template-7.0.0-beta.44.tgz#f8832f4fdcee5d59bf515e595fc5106c529b394f"
  dependencies:
    "@babel/code-frame" "7.0.0-beta.44"
    "@babel/types" "7.0.0-beta.44"
    babylon "7.0.0-beta.44"
    lodash "^4.2.0"

"@babel/traverse@7.0.0-beta.44":
  version "7.0.0-beta.44"
  resolved "http://registry.npmjs.org/@babel/traverse/-/traverse-7.0.0-beta.44.tgz#a970a2c45477ad18017e2e465a0606feee0d2966"
  dependencies:
    "@babel/code-frame" "7.0.0-beta.44"
    "@babel/generator" "7.0.0-beta.44"
    "@babel/helper-function-name" "7.0.0-beta.44"
    "@babel/helper-split-export-declaration" "7.0.0-beta.44"
    "@babel/types" "7.0.0-beta.44"
    babylon "7.0.0-beta.44"
    debug "^3.1.0"
    globals "^11.1.0"
    invariant "^2.2.0"
    lodash "^4.2.0"

"@babel/types@7.0.0-beta.44":
  version "7.0.0-beta.44"
  resolved "http://registry.npmjs.org/@babel/types/-/types-7.0.0-beta.44.tgz#6b1b164591f77dec0a0342aca995f2d046b3a757"
  dependencies:
    esutils "^2.0.2"
    lodash "^4.2.0"
    to-fast-properties "^2.0.0"

ansi-styles@^3.2.1:
  version "3.2.1"
  resolved "https://registry.npmjs.org/ansi-styles/-/ansi-styles-3.2.1.tgz#41fbb20243e50b12be0f04b8dedbf07520ce841d"
  dependencies:
    color-convert "^1.9.0"

arguments-extended@~0.0.3:
  version "0.0.3"
  resolved "https://registry.npmjs.org/arguments-extended/-/arguments-extended-0.0.3.tgz#6107e4917d0eb6f0a4dd66320fc15afc72ef4946"
  dependencies:
    extended "~0.0.3"
    is-extended "~0.0.8"

array-extended@~0.0.3, array-extended@~0.0.4, array-extended@~0.0.5:
  version "0.0.11"
  resolved "https://registry.npmjs.org/array-extended/-/array-extended-0.0.11.tgz#d7144ae748de93ca726f121009dbff1626d164bd"
  dependencies:
    arguments-extended "~0.0.3"
    extended "~0.0.3"
    is-extended "~0.0.3"

babel-eslint@^8.2.6:
  version "8.2.6"
  resolved "https://registry.npmjs.org/babel-eslint/-/babel-eslint-8.2.6.tgz#6270d0c73205628067c0f7ae1693a9e797acefd9"
  dependencies:
    "@babel/code-frame" "7.0.0-beta.44"
    "@babel/traverse" "7.0.0-beta.44"
    "@babel/types" "7.0.0-beta.44"
    babylon "7.0.0-beta.44"
    eslint-scope "3.7.1"
    eslint-visitor-keys "^1.0.0"

babylon@7.0.0-beta.44:
  version "7.0.0-beta.44"
  resolved "http://registry.npmjs.org/babylon/-/babylon-7.0.0-beta.44.tgz#89159e15e6e30c5096e22d738d8c0af8a0e8ca1d"

chalk@^2.0.0:
  version "2.4.1"
  resolved "https://registry.npmjs.org/chalk/-/chalk-2.4.1.tgz#18c49ab16a037b6eb0152cc83e3471338215b66e"
  dependencies:
    ansi-styles "^3.2.1"
    escape-string-regexp "^1.0.5"
    supports-color "^5.3.0"

color-convert@^1.9.0:
  version "1.9.3"
  resolved "https://registry.npmjs.org/color-convert/-/color-convert-1.9.3.tgz#bb71850690e1f136567de629d2d5471deda4c1e8"
  dependencies:
    color-name "1.1.3"

color-name@1.1.3:
  version "1.1.3"
  resolved "https://registry.npmjs.org/color-name/-/color-name-1.1.3.tgz#a7d0558bd89c42f795dd42328f740831ca53bc25"

date-extended@~0.0.3:
  version "0.0.6"
  resolved "https://registry.npmjs.org/date-extended/-/date-extended-0.0.6.tgz#23802d57dd1bf7818813fe0c32e851a86da267c9"
  dependencies:
    array-extended "~0.0.3"
    extended "~0.0.3"
    is-extended "~0.0.3"

debug@^3.1.0:
  version "3.2.5"
  resolved "https://registry.npmjs.org/debug/-/debug-3.2.5.tgz#c2418fbfd7a29f4d4f70ff4cea604d4b64c46407"
  dependencies:
    ms "^2.1.1"

declare.js@~0.0.4:
  version "0.0.8"
  resolved "https://registry.npmjs.org/declare.js/-/declare.js-0.0.8.tgz#0478adff9564c004f51df73d8bc134019d28dcde"

escape-string-regexp@^1.0.5:
  version "1.0.5"
  resolved "https://registry.npmjs.org/escape-string-regexp/-/escape-string-regexp-1.0.5.tgz#1b61c0562190a8dff6ae3bb2cf0200ca130b86d4"

eslint-scope@3.7.1:
  version "3.7.1"
  resolved "https://registry.npmjs.org/eslint-scope/-/eslint-scope-3.7.1.tgz#3d63c3edfda02e06e01a452ad88caacc7cdcb6e8"
  dependencies:
    esrecurse "^4.1.0"
    estraverse "^4.1.1"

eslint-visitor-keys@^1.0.0:
  version "1.0.0"
  resolved "https://registry.npmjs.org/eslint-visitor-keys/-/eslint-visitor-keys-1.0.0.tgz#3f3180fb2e291017716acb4c9d6d5b5c34a6a81d"

esrecurse@^4.1.0:
  version "4.2.1"
  resolved "https://registry.npmjs.org/esrecurse/-/esrecurse-4.2.1.tgz#007a3b9fdbc2b3bb87e4879ea19c92fdbd3942cf"
  dependencies:
    estraverse "^4.1.0"

estraverse@^4.1.0, estraverse@^4.1.1:
  version "4.2.0"
  resolved "https://registry.npmjs.org/estraverse/-/estraverse-4.2.0.tgz#0dee3fed31fcd469618ce7342099fc1afa0bdb13"

esutils@^2.0.2:
  version "2.0.2"
  resolved "https://registry.npmjs.org/esutils/-/esutils-2.0.2.tgz#0abf4f1caa5bcb1f7a9d8acc6dea4faaa04bac9b"

extended@0.0.6, extended@~0.0.3:
  version "0.0.6"
  resolved "https://registry.npmjs.org/extended/-/extended-0.0.6.tgz#7fb8bf7b9dae397586e48570acfd642c78e50669"
  dependencies:
    extender "~0.0.5"

extender@~0.0.5:
  version "0.0.10"
  resolved "https://registry.npmjs.org/extender/-/extender-0.0.10.tgz#589c07482be61a1460b6d81f9c24aa67e8f324cd"
  dependencies:
    declare.js "~0.0.4"

fast-csv@^2.4.1:
  version "2.4.1"
  resolved "https://registry.npmjs.org/fast-csv/-/fast-csv-2.4.1.tgz#bd7dd268391f729367b59445b8dd0ad026881b26"
  dependencies:
    extended "0.0.6"
    is-extended "0.0.10"
    object-extended "0.0.7"
    string-extended "0.0.8"

globals@^11.1.0:
  version "11.8.0"
  resolved "https://registry.npmjs.org/globals/-/globals-11.8.0.tgz#c1ef45ee9bed6badf0663c5cb90e8d1adec1321d"

has-flag@^3.0.0:
  version "3.0.0"
  resolved "https://registry.npmjs.org/has-flag/-/has-flag-3.0.0.tgz#b5d454dc2199ae225699f3467e5a07f3b955bafd"

invariant@^2.2.0:
  version "2.2.4"
  resolved "https://registry.npmjs.org/invariant/-/invariant-2.2.4.tgz#610f3c92c9359ce1db616e538008d23ff35158e6"
  dependencies:
    loose-envify "^1.0.0"

is-extended@0.0.10, is-extended@~0.0.3, is-extended@~0.0.8:
  version "0.0.10"
  resolved "https://registry.npmjs.org/is-extended/-/is-extended-0.0.10.tgz#244e140df75bb1c9a3106f412ff182fb534a6d62"
  dependencies:
    extended "~0.0.3"

js-tokens@^3.0.0:
  version "3.0.2"
  resolved "https://registry.npmjs.org/js-tokens/-/js-tokens-3.0.2.tgz#9866df395102130e38f7f996bceb65443209c25b"

"js-tokens@^3.0.0 || ^4.0.0":
  version "4.0.0"
  resolved "https://registry.npmjs.org/js-tokens/-/js-tokens-4.0.0.tgz#19203fb59991df98e3a287050d4647cdeaf32499"

jsesc@^2.5.1:
  version "2.5.1"
  resolved "https://registry.npmjs.org/jsesc/-/jsesc-2.5.1.tgz#e421a2a8e20d6b0819df28908f782526b96dd1fe"

kmeans-same-size@^1.0.1:
  version "1.0.1"
  resolved "https://registry.npmjs.org/kmeans-same-size/-/kmeans-same-size-1.0.1.tgz#b4f468f9f2d5dca5112acc4cdc8051a18aa76390"

lodash@^4.2.0:
  version "4.17.11"
  resolved "https://registry.npmjs.org/lodash/-/lodash-4.17.11.tgz#b39ea6229ef607ecd89e2c8df12536891cac9b8d"

loose-envify@^1.0.0:
  version "1.4.0"
  resolved "https://registry.npmjs.org/loose-envify/-/loose-envify-1.4.0.tgz#71ee51fa7be4caec1a63839f7e682d8132d30caf"
  dependencies:
    js-tokens "^3.0.0 || ^4.0.0"

ms@^2.1.1:
  version "2.1.1"
  resolved "https://registry.npmjs.org/ms/-/ms-2.1.1.tgz#30a5864eb3ebb0a66f2ebe6d727af06a09d86e0a"

object-extended@0.0.7:
  version "0.0.7"
  resolved "https://registry.npmjs.org/object-extended/-/object-extended-0.0.7.tgz#84fd23f56b15582aeb3e88b05cb55d2432d68a33"
  dependencies:
    array-extended "~0.0.4"
    extended "~0.0.3"
    is-extended "~0.0.3"

source-map@^0.5.0:
  version "0.5.7"
  resolved "https://registry.npmjs.org/source-map/-/source-map-0.5.7.tgz#8a039d2d1021d22d1ea14c80d8ea468ba2ef3fcc"

string-extended@0.0.8:
  version "0.0.8"
  resolved "https://registry.npmjs.org/string-extended/-/string-extended-0.0.8.tgz#741957dff487b0272a79eec5a44f239ee6f17ccd"
  dependencies:
    array-extended "~0.0.5"
    date-extended "~0.0.3"
    extended "~0.0.3"
    is-extended "~0.0.3"

supports-color@^5.3.0:
  version "5.5.0"
  resolved "https://registry.npmjs.org/supports-color/-/supports-color-5.5.0.tgz#e2e69a44ac8772f78a1ec0b35b689df6530efc8f"
  dependencies:
    has-flag "^3.0.0"

to-fast-properties@^2.0.0:
  version "2.0.0"
  resolved "https://registry.npmjs.org/to-fast-properties/-/to-fast-properties-2.0.0.tgz#dc5e698cbd079265bc73e0377681a4e4e83f616e"

trim-right@^1.0.1:
  version "1.0.1"
  resolved "https://registry.npmjs.org/trim-right/-/trim-right-1.0.1.tgz#cb2e1203067e0c8de1f614094b9fe45704ea6003"
